
Microsoft Visual Studio Solution File, Format Version 12.00
# Visual Studio Version 17
VisualStudioVersion = 17.2.32630.192
MinimumVisualStudioVersion = 10.0.40219.1
Project("{FAE04EC0-301F-11D3-BF4B-00C04F79EFBC}") = "scopy", "scopy\scopy.csproj", "{8E292889-A819-4925-AE2E-663744500CE7}"
EndProject
Global
	GlobalSection(SolutionConfigurationPlatforms) = preSolution
		Debug|Any CPU = Debug|Any CPU
		Release|Any CPU = Release|Any CPU
	EndGlobalSection
	GlobalSection(ProjectConfigurationPlatforms) = postSolution
		{8E292889-A819-4925-AE2E-663744500CE7}.Debug|Any CPU.ActiveCfg = Debug|Any CPU
		{8E292889-A819-4925-AE2E-663744500CE7}.Debug|Any CPU.Build.0 = Debug|Any CPU
		{8E292889-A819-4925-AE2E-663744500CE7}.Release|Any CPU.ActiveCfg = Release|Any CPU
		{8E292889-A819-4925-AE2E-663744500CE7}.Release|Any CPU.Build.0 = Release|Any CPU
	EndGlobalSection
	GlobalSection(SolutionProperties) = preSolution
		HideSolutionNode = FALSE
	EndGlobalSection
	GlobalSection(ExtensibilityGlobals) = postSolution
		SolutionGuid = {AE34557A-7F4D-42AD-9912-EF878F30D44C}
	EndGlobalSection
EndGlobal
